
Microsoft Visual Studio Solution File, Format Version 12.00
# Visual Studio Version 17
VisualStudioVersion = 17.6.33829.357
MinimumVisualStudioVersion = 10.0.40219.1
Project("{FAE04EC0-301F-11D3-BF4B-00C04F79EFBC}") = "Employee360.Web", "Employee360.Web\Employee360.Web.csproj", "{F21FCC27-73DD-494D-8761-31C27D36065A}"
EndProject
Global
	GlobalSection(SolutionConfigurationPlatforms) = preSolution
		Debug|Any CPU = Debug|Any CPU
		Release|Any CPU = Release|Any CPU
	EndGlobalSection
	GlobalSection(ProjectConfigurationPlatforms) = postSolution
		{F21FCC27-73DD-494D-8761-31C27D36065A}.Debug|Any CPU.ActiveCfg = Debug|Any CPU
		{F21FCC27-73DD-494D-8761-31C27D36065A}.Debug|Any CPU.Build.0 = Debug|Any CPU
		{F21FCC27-73DD-494D-8761-31C27D36065A}.Release|Any CPU.ActiveCfg = Release|Any CPU
		{F21FCC27-73DD-494D-8761-31C27D36065A}.Release|Any CPU.Build.0 = Release|Any CPU
	EndGlobalSection
	GlobalSection(SolutionProperties) = preSolution
		HideSolutionNode = FALSE
	EndGlobalSection
	GlobalSection(ExtensibilityGlobals) = postSolution
		SolutionGuid = {30D178CD-F28E-4FAB-BC4F-F6B1420F0327}
	EndGlobalSection
EndGlobal
